// !$*UTF8*$!
{
	archiveVersion = 1;
	classes = {
	};
	objectVersion = 46;
	objects = {

/* Begin PBXBuildFile section */
		10E9C4DA1E5C604F00791BE8 /* main.cpp in Sources */ = {isa = PBXBuildFile; fileRef = 10E9C4D91E5C604F00791BE8 /* main.cpp */; };
		10E9C4DC1E5C604F00791BE8 /* Makefile in Sources */ = {isa = PBXBuildFile; fileRef = 10E9C4DB1E5C604F00791BE8 /* Makefile */; };
/* End PBXBuildFile section */

/* Begin PBXFileReference section */
		10E9C4D61E5C604F00791BE8 /* Index */ = {isa = PBXFileReference; explicitFileType = "compiled.mach-o.executable"; includeInIndex = 0; path = Index; sourceTree = BUILT_PRODUCTS_DIR; };
		10E9C4D91E5C604F00791BE8 /* main.cpp */ = {isa = PBXFileReference; lastKnownFileType = sourcecode.cpp.cpp; path = main.cpp; sourceTree = "<group>"; };
		10E9C4DB1E5C604F00791BE8 /* Makefile */ = {isa = PBXFileReference; lastKnownFileType = sourcecode.make; path = Makefile; sourceTree = "<group>"; };
		10E9C4DD1E5C604F00791BE8 /* ReadMe.txt */ = {isa = PBXFileReference; lastKnownFileType = text; path = ReadMe.txt; sourceTree = "<group>"; };
		10E9C4DF1E5C604F00791BE8 /* Sketchbook.txt */ = {isa = PBXFileReference; lastKnownFileType = text; name = Sketchbook.txt; path = Sketchbook/Sketchbook.txt; sourceTree = "<group>"; };
		10E9C4E11E5C604F00791BE8 /* Arduino Due (Programming Port).xcconfig */ = {isa = PBXFileReference; lastKnownFileType = text.xcconfig; name = "Arduino Due (Programming Port).xcconfig"; path = "Configurations/Arduino Due (Programming Port).xcconfig"; sourceTree = "<group>"; };
		10E9C4E21E5C604F00791BE8 /* Arduino Duemilanove.xcconfig */ = {isa = PBXFileReference; lastKnownFileType = text.xcconfig; name = "Arduino Duemilanove.xcconfig"; path = "Configurations/Arduino Duemilanove.xcconfig"; sourceTree = "<group>"; };
		10E9C4E31E5C604F00791BE8 /* Arduino Leonardo.xcconfig */ = {isa = PBXFileReference; lastKnownFileType = text.xcconfig; name = "Arduino Leonardo.xcconfig"; path = "Configurations/Arduino Leonardo.xcconfig"; sourceTree = "<group>"; };
		10E9C4E41E5C604F00791BE8 /* Arduino Mega 2560.xcconfig */ = {isa = PBXFileReference; lastKnownFileType = text.xcconfig; name = "Arduino Mega 2560.xcconfig"; path = "Configurations/Arduino Mega 2560.xcconfig"; sourceTree = "<group>"; };
		10E9C4E51E5C604F00791BE8 /* Arduino Micro.xcconfig */ = {isa = PBXFileReference; lastKnownFileType = text.xcconfig; name = "Arduino Micro.xcconfig"; path = "Configurations/Arduino Micro.xcconfig"; sourceTree = "<group>"; };
		10E9C4E61E5C604F00791BE8 /* Arduino Pro ATmega328-3.3V.xcconfig */ = {isa = PBXFileReference; lastKnownFileType = text.xcconfig; name = "Arduino Pro ATmega328-3.3V.xcconfig"; path = "Configurations/Arduino Pro ATmega328-3.3V.xcconfig"; sourceTree = "<group>"; };
		10E9C4E71E5C604F00791BE8 /* Arduino Pro ATmega328-5V.xcconfig */ = {isa = PBXFileReference; lastKnownFileType = text.xcconfig; name = "Arduino Pro ATmega328-5V.xcconfig"; path = "Configurations/Arduino Pro ATmega328-5V.xcconfig"; sourceTree = "<group>"; };
		10E9C4E81E5C604F00791BE8 /* Arduino Mini ATmega168.xcconfig */ = {isa = PBXFileReference; lastKnownFileType = text.xcconfig; name = "Arduino Mini ATmega168.xcconfig"; path = "Configurations/Arduino Mini ATmega168.xcconfig"; sourceTree = "<group>"; };
		10E9C4E91E5C604F00791BE8 /* Arduino Mini ATmega328.xcconfig */ = {isa = PBXFileReference; lastKnownFileType = text.xcconfig; name = "Arduino Mini ATmega328.xcconfig"; path = "Configurations/Arduino Mini ATmega328.xcconfig"; sourceTree = "<group>"; };
		10E9C4EA1E5C604F00791BE8 /* Arduino Nano ATmega168.xcconfig */ = {isa = PBXFileReference; lastKnownFileType = text.xcconfig; name = "Arduino Nano ATmega168.xcconfig"; path = "Configurations/Arduino Nano ATmega168.xcconfig"; sourceTree = "<group>"; };
		10E9C4EB1E5C604F00791BE8 /* Arduino Nano ATmega328.xcconfig */ = {isa = PBXFileReference; lastKnownFileType = text.xcconfig; name = "Arduino Nano ATmega328.xcconfig"; path = "Configurations/Arduino Nano ATmega328.xcconfig"; sourceTree = "<group>"; };
		10E9C4EC1E5C604F00791BE8 /* Arduino Robot Control.xcconfig */ = {isa = PBXFileReference; lastKnownFileType = text.xcconfig; name = "Arduino Robot Control.xcconfig"; path = "Configurations/Arduino Robot Control.xcconfig"; sourceTree = "<group>"; };
		10E9C4ED1E5C604F00791BE8 /* Arduino Robot Motor.xcconfig */ = {isa = PBXFileReference; lastKnownFileType = text.xcconfig; name = "Arduino Robot Motor.xcconfig"; path = "Configurations/Arduino Robot Motor.xcconfig"; sourceTree = "<group>"; };
		10E9C4EE1E5C604F00791BE8 /* Arduino Uno.xcconfig */ = {isa = PBXFileReference; lastKnownFileType = text.xcconfig; name = "Arduino Uno.xcconfig"; path = "Configurations/Arduino Uno.xcconfig"; sourceTree = "<group>"; };
		10E9C4EF1E5C604F00791BE8 /* Arduino Yun (USB).xcconfig */ = {isa = PBXFileReference; lastKnownFileType = text.xcconfig; name = "Arduino Yun (USB).xcconfig"; path = "Configurations/Arduino Yun (USB).xcconfig"; sourceTree = "<group>"; };
		10E9C4F01E5C604F00791BE8 /* Arduino Zero (Programming Port).xcconfig */ = {isa = PBXFileReference; lastKnownFileType = text.xcconfig; name = "Arduino Zero (Programming Port).xcconfig"; path = "Configurations/Arduino Zero (Programming Port).xcconfig"; sourceTree = "<group>"; };
		10E9C4F11E5C604F00791BE8 /* Arduino M0 Pro (Programming Port).xcconfig */ = {isa = PBXFileReference; lastKnownFileType = text.xcconfig; name = "Arduino M0 Pro (Programming Port).xcconfig"; path = "Configurations/Arduino M0 Pro (Programming Port).xcconfig"; sourceTree = "<group>"; };
		10E9C4F21E5C604F00791BE8 /* Arduino Tian (USB).xcconfig */ = {isa = PBXFileReference; lastKnownFileType = text.xcconfig; name = "Arduino Tian (USB).xcconfig"; path = "Configurations/Arduino Tian (USB).xcconfig"; sourceTree = "<group>"; };
		10E9C4F31E5C604F00791BE8 /* ESP8266.xcconfig */ = {isa = PBXFileReference; lastKnownFileType = text.xcconfig; name = ESP8266.xcconfig; path = Configurations/ESP8266.xcconfig; sourceTree = "<group>"; };
		10E9C4F41E5C604F00791BE8 /* NodeMCU 0.9 ESP-12.xcconfig */ = {isa = PBXFileReference; lastKnownFileType = text.xcconfig; name = "NodeMCU 0.9 ESP-12.xcconfig"; path = "Configurations/NodeMCU 0.9 ESP-12.xcconfig"; sourceTree = "<group>"; };
		10E9C4F51E5C604F00791BE8 /* NodeMCU 1.0 ESP-12E.xcconfig */ = {isa = PBXFileReference; lastKnownFileType = text.xcconfig; name = "NodeMCU 1.0 ESP-12E.xcconfig"; path = "Configurations/NodeMCU 1.0 ESP-12E.xcconfig"; sourceTree = "<group>"; };
		10E9C4F61E5C604F00791BE8 /* Experimeter Board MSP430FR5739.xcconfig */ = {isa = PBXFileReference; lastKnownFileType = text.xcconfig; name = "Experimeter Board MSP430FR5739.xcconfig"; path = "Configurations/Experimeter Board MSP430FR5739.xcconfig"; sourceTree = "<group>"; };
		10E9C4F71E5C604F00791BE8 /* LaunchPad MSP432P401 EMT.xcconfig */ = {isa = PBXFileReference; lastKnownFileType = text.xcconfig; name = "LaunchPad MSP432P401 EMT.xcconfig"; path = "Configurations/LaunchPad MSP432P401 EMT.xcconfig"; sourceTree = "<group>"; };
		10E9C4F81E5C604F00791BE8 /* LaunchPad CC3200 WiFi.xcconfig */ = {isa = PBXFileReference; lastKnownFileType = text.xcconfig; name = "LaunchPad CC3200 WiFi.xcconfig"; path = "Configurations/LaunchPad CC3200 WiFi.xcconfig"; sourceTree = "<group>"; };
		10E9C4F91E5C604F00791BE8 /* LaunchPad CC3200 WiFi EMT.xcconfig */ = {isa = PBXFileReference; lastKnownFileType = text.xcconfig; name = "LaunchPad CC3200 WiFi EMT.xcconfig"; path = "Configurations/LaunchPad CC3200 WiFi EMT.xcconfig"; sourceTree = "<group>"; };
		10E9C4FA1E5C604F00791BE8 /* LaunchPad LM4F120 Stellaris.xcconfig */ = {isa = PBXFileReference; lastKnownFileType = text.xcconfig; name = "LaunchPad LM4F120 Stellaris.xcconfig"; path = "Configurations/LaunchPad LM4F120 Stellaris.xcconfig"; sourceTree = "<group>"; };
		10E9C4FB1E5C604F00791BE8 /* LaunchPad TM4C123 Tiva C.xcconfig */ = {isa = PBXFileReference; lastKnownFileType = text.xcconfig; name = "LaunchPad TM4C123 Tiva C.xcconfig"; path = "Configurations/LaunchPad TM4C123 Tiva C.xcconfig"; sourceTree = "<group>"; };
		10E9C4FC1E5C604F00791BE8 /* LaunchPad TM4C129 Connected.xcconfig */ = {isa = PBXFileReference; lastKnownFileType = text.xcconfig; name = "LaunchPad TM4C129 Connected.xcconfig"; path = "Configurations/LaunchPad TM4C129 Connected.xcconfig"; sourceTree = "<group>"; };
		10E9C4FD1E5C604F00791BE8 /* LaunchPad MSP430G2231.xcconfig */ = {isa = PBXFileReference; lastKnownFileType = text.xcconfig; name = "LaunchPad MSP430G2231.xcconfig"; path = "Configurations/LaunchPad MSP430G2231.xcconfig"; sourceTree = "<group>"; };
		10E9C4FE1E5C604F00791BE8 /* LaunchPad MSP430G2452.xcconfig */ = {isa = PBXFileReference; lastKnownFileType = text.xcconfig; name = "LaunchPad MSP430G2452.xcconfig"; path = "Configurations/LaunchPad MSP430G2452.xcconfig"; sourceTree = "<group>"; };
		10E9C4FF1E5C604F00791BE8 /* LaunchPad MSP430G2553.xcconfig */ = {isa = PBXFileReference; lastKnownFileType = text.xcconfig; name = "LaunchPad MSP430G2553.xcconfig"; path = "Configurations/LaunchPad MSP430G2553.xcconfig"; sourceTree = "<group>"; };
		10E9C5001E5C604F00791BE8 /* LaunchPad MSP430F5529.xcconfig */ = {isa = PBXFileReference; lastKnownFileType = text.xcconfig; name = "LaunchPad MSP430F5529.xcconfig"; path = "Configurations/LaunchPad MSP430F5529.xcconfig"; sourceTree = "<group>"; };
		10E9C5011E5C604F00791BE8 /* LaunchPad MSP430FR4133.xcconfig */ = {isa = PBXFileReference; lastKnownFileType = text.xcconfig; name = "LaunchPad MSP430FR4133.xcconfig"; path = "Configurations/LaunchPad MSP430FR4133.xcconfig"; sourceTree = "<group>"; };
		10E9C5021E5C604F00791BE8 /* LaunchPad MSP430FR5969.xcconfig */ = {isa = PBXFileReference; lastKnownFileType = text.xcconfig; name = "LaunchPad MSP430FR5969.xcconfig"; path = "Configurations/LaunchPad MSP430FR5969.xcconfig"; sourceTree = "<group>"; };
		10E9C5031E5C604F00791BE8 /* LaunchPad MSP430FR6989.xcconfig */ = {isa = PBXFileReference; lastKnownFileType = text.xcconfig; name = "LaunchPad MSP430FR6989.xcconfig"; path = "Configurations/LaunchPad MSP430FR6989.xcconfig"; sourceTree = "<group>"; };
		10E9C5041E5C604F00791BE8 /* Teensy 2.0.xcconfig */ = {isa = PBXFileReference; lastKnownFileType = text.xcconfig; name = "Teensy 2.0.xcconfig"; path = "Configurations/Teensy 2.0.xcconfig"; sourceTree = "<group>"; };
		10E9C5051E5C604F00791BE8 /* Teensy 3.0.xcconfig */ = {isa = PBXFileReference; lastKnownFileType = text.xcconfig; name = "Teensy 3.0.xcconfig"; path = "Configurations/Teensy 3.0.xcconfig"; sourceTree = "<group>"; };
		10E9C5061E5C604F00791BE8 /* Teensy 3.1.xcconfig */ = {isa = PBXFileReference; lastKnownFileType = text.xcconfig; name = "Teensy 3.1.xcconfig"; path = "Configurations/Teensy 3.1.xcconfig"; sourceTree = "<group>"; };
		10E9C5071E5C604F00791BE8 /* Teensy 3.2.xcconfig */ = {isa = PBXFileReference; lastKnownFileType = text.xcconfig; name = "Teensy 3.2.xcconfig"; path = "Configurations/Teensy 3.2.xcconfig"; sourceTree = "<group>"; };
		10E9C5081E5C604F00791BE8 /* Teensy 3.5.xcconfig */ = {isa = PBXFileReference; lastKnownFileType = text.xcconfig; name = "Teensy 3.5.xcconfig"; path = "Configurations/Teensy 3.5.xcconfig"; sourceTree = "<group>"; };
		10E9C5091E5C604F00791BE8 /* Teensy 3.6.xcconfig */ = {isa = PBXFileReference; lastKnownFileType = text.xcconfig; name = "Teensy 3.6.xcconfig"; path = "Configurations/Teensy 3.6.xcconfig"; sourceTree = "<group>"; };
		10E9C50A1E5C604F00791BE8 /* Teensy LC.xcconfig */ = {isa = PBXFileReference; lastKnownFileType = text.xcconfig; name = "Teensy LC.xcconfig"; path = "Configurations/Teensy LC.xcconfig"; sourceTree = "<group>"; };
		10E9C50C1E5C604F00791BE8 /* ArduinoAVR_165.mk */ = {isa = PBXFileReference; lastKnownFileType = text; name = ArduinoAVR_165.mk; path = Makefiles/ArduinoAVR_165.mk; sourceTree = "<group>"; };
		10E9C50D1E5C604F00791BE8 /* ArduinoAVR_166.mk */ = {isa = PBXFileReference; lastKnownFileType = text; name = ArduinoAVR_166.mk; path = Makefiles/ArduinoAVR_166.mk; sourceTree = "<group>"; };
		10E9C50E1E5C604F00791BE8 /* ArduinoSAM_165.mk */ = {isa = PBXFileReference; lastKnownFileType = text; name = ArduinoSAM_165.mk; path = Makefiles/ArduinoSAM_165.mk; sourceTree = "<group>"; };
		10E9C50F1E5C604F00791BE8 /* ArduinoSAMD_180.mk */ = {isa = PBXFileReference; lastKnownFileType = text; name = ArduinoSAMD_180.mk; path = Makefiles/ArduinoSAMD_180.mk; sourceTree = "<group>"; };
		10E9C5101E5C604F00791BE8 /* EnergiaMSP430_18.mk */ = {isa = PBXFileReference; lastKnownFileType = text; name = EnergiaMSP430_18.mk; path = Makefiles/EnergiaMSP430_18.mk; sourceTree = "<group>"; };
		10E9C5111E5C604F00791BE8 /* EnergiaMSP430_19.mk */ = {isa = PBXFileReference; lastKnownFileType = text; name = EnergiaMSP430_19.mk; path = Makefiles/EnergiaMSP430_19.mk; sourceTree = "<group>"; };
		10E9C5121E5C604F00791BE8 /* EnergiaMSP432EMT_18.mk */ = {isa = PBXFileReference; lastKnownFileType = text; name = EnergiaMSP432EMT_18.mk; path = Makefiles/EnergiaMSP432EMT_18.mk; sourceTree = "<group>"; };
		10E9C5131E5C604F00791BE8 /* EnergiaTIVAC_18.mk */ = {isa = PBXFileReference; lastKnownFileType = text; name = EnergiaTIVAC_18.mk; path = Makefiles/EnergiaTIVAC_18.mk; sourceTree = "<group>"; };
		10E9C5141E5C604F00791BE8 /* EnergiaCC3200_18.mk */ = {isa = PBXFileReference; lastKnownFileType = text; name = EnergiaCC3200_18.mk; path = Makefiles/EnergiaCC3200_18.mk; sourceTree = "<group>"; };
		10E9C5151E5C604F00791BE8 /* EnergiaCC3200EMT_18.mk */ = {isa = PBXFileReference; lastKnownFileType = text; name = EnergiaCC3200EMT_18.mk; path = Makefiles/EnergiaCC3200EMT_18.mk; sourceTree = "<group>"; };
		10E9C5161E5C604F00791BE8 /* ESP8266_165.mk */ = {isa = PBXFileReference; lastKnownFileType = text; name = ESP8266_165.mk; path = Makefiles/ESP8266_165.mk; sourceTree = "<group>"; };
		10E9C5171E5C604F00791BE8 /* Teensy.mk */ = {isa = PBXFileReference; lastKnownFileType = text; name = Teensy.mk; path = Makefiles/Teensy.mk; sourceTree = "<group>"; };
		10E9C5181E5C604F00791BE8 /* Teensy2.mk */ = {isa = PBXFileReference; lastKnownFileType = text; name = Teensy2.mk; path = Makefiles/Teensy2.mk; sourceTree = "<group>"; };
		10E9C5191E5C604F00791BE8 /* Teensy3.mk */ = {isa = PBXFileReference; lastKnownFileType = text; name = Teensy3.mk; path = Makefiles/Teensy3.mk; sourceTree = "<group>"; };
		10E9C51A1E5C604F00791BE8 /* About.mk */ = {isa = PBXFileReference; lastKnownFileType = text; name = About.mk; path = Makefiles/About.mk; sourceTree = "<group>"; };
		10E9C51B1E5C604F00791BE8 /* Step1.mk */ = {isa = PBXFileReference; lastKnownFileType = text; name = Step1.mk; path = Makefiles/Step1.mk; sourceTree = "<group>"; };
		10E9C51C1E5C605000791BE8 /* Step2.mk */ = {isa = PBXFileReference; lastKnownFileType = text; name = Step2.mk; path = Makefiles/Step2.mk; sourceTree = "<group>"; };
		10E9C51D1E5C605000791BE8 /* Avrdude.mk */ = {isa = PBXFileReference; lastKnownFileType = text; name = Avrdude.mk; path = Makefiles/Avrdude.mk; sourceTree = "<group>"; };
		10E9C51F1E5C605000791BE8 /* reset_1200.py */ = {isa = PBXFileReference; lastKnownFileType = text.script.python; name = reset_1200.py; path = Utilities/reset_1200.py; sourceTree = "<group>"; };
		10E9C5201E5C605000791BE8 /* embedXcode_prepare */ = {isa = PBXFileReference; lastKnownFileType = "compiled.mach-o.executable"; name = embedXcode_prepare; path = Utilities/embedXcode_prepare; sourceTree = "<group>"; };
		10E9C5211E5C605000791BE8 /* embedXcode_check */ = {isa = PBXFileReference; lastKnownFileType = "compiled.mach-o.executable"; name = embedXcode_check; path = Utilities/embedXcode_check; sourceTree = "<group>"; };
		10E9C5221E5C605000791BE8 /* embedXcode_chrono */ = {isa = PBXFileReference; lastKnownFileType = "compiled.mach-o.executable"; name = embedXcode_chrono; path = Utilities/embedXcode_chrono; sourceTree = "<group>"; };
		10E9C5231E5C605000791BE8 /* TemplateIcon.icns */ = {isa = PBXFileReference; lastKnownFileType = image.icns; name = TemplateIcon.icns; path = Utilities/TemplateIcon.icns; sourceTree = "<group>"; };
		10E9C5241E5C605000791BE8 /* pbf_3.ino */ = {isa = PBXFileReference; lastKnownFileType = text; path = pbf_3.ino; sourceTree = "<group>"; };
/* End PBXFileReference section */

/* Begin PBXGroup section */
		10E9C4CA1E5C604F00791BE8 = {
			isa = PBXGroup;
			children = (
				10E9C4D81E5C604F00791BE8 /* pbf-3 */,
				10E9C4D71E5C604F00791BE8 /* Products */,
			);
			sourceTree = "<group>";
		};
		10E9C4D71E5C604F00791BE8 /* Products */ = {
			isa = PBXGroup;
			children = (
				10E9C4D61E5C604F00791BE8 /* Index */,
			);
			name = Products;
			sourceTree = "<group>";
		};
		10E9C4D81E5C604F00791BE8 /* pbf-3 */ = {
			isa = PBXGroup;
			children = (
				10E9C4D91E5C604F00791BE8 /* main.cpp */,
				10E9C4DB1E5C604F00791BE8 /* Makefile */,
				10E9C4DD1E5C604F00791BE8 /* ReadMe.txt */,
				10E9C5241E5C605000791BE8 /* pbf_3.ino */,
				10E9C4DE1E5C604F00791BE8 /* Sketchbook */,
				10E9C4E01E5C604F00791BE8 /* Configurations */,
				10E9C50B1E5C604F00791BE8 /* Makefiles */,
				10E9C51E1E5C605000791BE8 /* Utilities */,
			);
			path = "pbf-3";
			sourceTree = "<group>";
		};
		10E9C4DE1E5C604F00791BE8 /* Sketchbook */ = {
			isa = PBXGroup;
			children = (
				10E9C4DF1E5C604F00791BE8 /* Sketchbook.txt */,
			);
			name = Sketchbook;
			sourceTree = "<group>";
		};
		10E9C4E01E5C604F00791BE8 /* Configurations */ = {
			isa = PBXGroup;
			children = (
				10E9C4E11E5C604F00791BE8 /* Arduino Due (Programming Port).xcconfig */,
				10E9C4E21E5C604F00791BE8 /* Arduino Duemilanove.xcconfig */,
				10E9C4E31E5C604F00791BE8 /* Arduino Leonardo.xcconfig */,
				10E9C4E41E5C604F00791BE8 /* Arduino Mega 2560.xcconfig */,
				10E9C4E51E5C604F00791BE8 /* Arduino Micro.xcconfig */,
				10E9C4E61E5C604F00791BE8 /* Arduino Pro ATmega328-3.3V.xcconfig */,
				10E9C4E71E5C604F00791BE8 /* Arduino Pro ATmega328-5V.xcconfig */,
				10E9C4E81E5C604F00791BE8 /* Arduino Mini ATmega168.xcconfig */,
				10E9C4E91E5C604F00791BE8 /* Arduino Mini ATmega328.xcconfig */,
				10E9C4EA1E5C604F00791BE8 /* Arduino Nano ATmega168.xcconfig */,
				10E9C4EB1E5C604F00791BE8 /* Arduino Nano ATmega328.xcconfig */,
				10E9C4EC1E5C604F00791BE8 /* Arduino Robot Control.xcconfig */,
				10E9C4ED1E5C604F00791BE8 /* Arduino Robot Motor.xcconfig */,
				10E9C4EE1E5C604F00791BE8 /* Arduino Uno.xcconfig */,
				10E9C4EF1E5C604F00791BE8 /* Arduino Yun (USB).xcconfig */,
				10E9C4F01E5C604F00791BE8 /* Arduino Zero (Programming Port).xcconfig */,
				10E9C4F11E5C604F00791BE8 /* Arduino M0 Pro (Programming Port).xcconfig */,
				10E9C4F21E5C604F00791BE8 /* Arduino Tian (USB).xcconfig */,
				10E9C4F31E5C604F00791BE8 /* ESP8266.xcconfig */,
				10E9C4F41E5C604F00791BE8 /* NodeMCU 0.9 ESP-12.xcconfig */,
				10E9C4F51E5C604F00791BE8 /* NodeMCU 1.0 ESP-12E.xcconfig */,
				10E9C4F61E5C604F00791BE8 /* Experimeter Board MSP430FR5739.xcconfig */,
				10E9C4F71E5C604F00791BE8 /* LaunchPad MSP432P401 EMT.xcconfig */,
				10E9C4F81E5C604F00791BE8 /* LaunchPad CC3200 WiFi.xcconfig */,
				10E9C4F91E5C604F00791BE8 /* LaunchPad CC3200 WiFi EMT.xcconfig */,
				10E9C4FA1E5C604F00791BE8 /* LaunchPad LM4F120 Stellaris.xcconfig */,
				10E9C4FB1E5C604F00791BE8 /* LaunchPad TM4C123 Tiva C.xcconfig */,
				10E9C4FC1E5C604F00791BE8 /* LaunchPad TM4C129 Connected.xcconfig */,
				10E9C4FD1E5C604F00791BE8 /* LaunchPad MSP430G2231.xcconfig */,
				10E9C4FE1E5C604F00791BE8 /* LaunchPad MSP430G2452.xcconfig */,
				10E9C4FF1E5C604F00791BE8 /* LaunchPad MSP430G2553.xcconfig */,
				10E9C5001E5C604F00791BE8 /* LaunchPad MSP430F5529.xcconfig */,
				10E9C5011E5C604F00791BE8 /* LaunchPad MSP430FR4133.xcconfig */,
				10E9C5021E5C604F00791BE8 /* LaunchPad MSP430FR5969.xcconfig */,
				10E9C5031E5C604F00791BE8 /* LaunchPad MSP430FR6989.xcconfig */,
				10E9C5041E5C604F00791BE8 /* Teensy 2.0.xcconfig */,
				10E9C5051E5C604F00791BE8 /* Teensy 3.0.xcconfig */,
				10E9C5061E5C604F00791BE8 /* Teensy 3.1.xcconfig */,
				10E9C5071E5C604F00791BE8 /* Teensy 3.2.xcconfig */,
				10E9C5081E5C604F00791BE8 /* Teensy 3.5.xcconfig */,
				10E9C5091E5C604F00791BE8 /* Teensy 3.6.xcconfig */,
				10E9C50A1E5C604F00791BE8 /* Teensy LC.xcconfig */,
			);
			name = Configurations;
			sourceTree = "<group>";
		};
		10E9C50B1E5C604F00791BE8 /* Makefiles */ = {
			isa = PBXGroup;
			children = (
				10E9C50C1E5C604F00791BE8 /* ArduinoAVR_165.mk */,
				10E9C50D1E5C604F00791BE8 /* ArduinoAVR_166.mk */,
				10E9C50E1E5C604F00791BE8 /* ArduinoSAM_165.mk */,
				10E9C50F1E5C604F00791BE8 /* ArduinoSAMD_180.mk */,
				10E9C5101E5C604F00791BE8 /* EnergiaMSP430_18.mk */,
				10E9C5111E5C604F00791BE8 /* EnergiaMSP430_19.mk */,
				10E9C5121E5C604F00791BE8 /* EnergiaMSP432EMT_18.mk */,
				10E9C5131E5C604F00791BE8 /* EnergiaTIVAC_18.mk */,
				10E9C5141E5C604F00791BE8 /* EnergiaCC3200_18.mk */,
				10E9C5151E5C604F00791BE8 /* EnergiaCC3200EMT_18.mk */,
				10E9C5161E5C604F00791BE8 /* ESP8266_165.mk */,
				10E9C5171E5C604F00791BE8 /* Teensy.mk */,
				10E9C5181E5C604F00791BE8 /* Teensy2.mk */,
				10E9C5191E5C604F00791BE8 /* Teensy3.mk */,
				10E9C51A1E5C604F00791BE8 /* About.mk */,
				10E9C51B1E5C604F00791BE8 /* Step1.mk */,
				10E9C51C1E5C605000791BE8 /* Step2.mk */,
				10E9C51D1E5C605000791BE8 /* Avrdude.mk */,
			);
			name = Makefiles;
			sourceTree = "<group>";
		};
		10E9C51E1E5C605000791BE8 /* Utilities */ = {
			isa = PBXGroup;
			children = (
				10E9C51F1E5C605000791BE8 /* reset_1200.py */,
				10E9C5201E5C605000791BE8 /* embedXcode_prepare */,
				10E9C5211E5C605000791BE8 /* embedXcode_check */,
				10E9C5221E5C605000791BE8 /* embedXcode_chrono */,
				10E9C5231E5C605000791BE8 /* TemplateIcon.icns */,
			);
			name = Utilities;
			sourceTree = "<group>";
		};
/* End PBXGroup section */

/* Begin PBXLegacyTarget section */
		10E9C4CF1E5C604F00791BE8 /* Build */ = {
			isa = PBXLegacyTarget;
			buildArgumentsString = "build -C \"$(PROJECT)\"";
			buildConfigurationList = 10E9C5271E5C605000791BE8 /* Build configuration list for PBXLegacyTarget "Build" */;
			buildPhases = (
			);
			buildToolPath = make;
			dependencies = (
			);
			name = Build;
			passBuildSettingsInEnvironment = 1;
			productName = Build;
		};
		10E9C4D01E5C604F00791BE8 /* All */ = {
			isa = PBXLegacyTarget;
			buildArgumentsString = "all -C \"$(PROJECT)\"";
			buildConfigurationList = 10E9C52A1E5C605000791BE8 /* Build configuration list for PBXLegacyTarget "All" */;
			buildPhases = (
			);
			buildToolPath = make;
			dependencies = (
			);
			name = All;
			passBuildSettingsInEnvironment = 1;
			productName = All;
		};
		10E9C4D11E5C604F00791BE8 /* Boards */ = {
			isa = PBXLegacyTarget;
			buildArgumentsString = "boards -C \"$(PROJECT)\"";
			buildConfigurationList = 10E9C52D1E5C605000791BE8 /* Build configuration list for PBXLegacyTarget "Boards" */;
			buildPhases = (
			);
			buildToolPath = make;
			dependencies = (
			);
			name = Boards;
			passBuildSettingsInEnvironment = 1;
			productName = Boards;
		};
		10E9C4D21E5C604F00791BE8 /* Serial */ = {
			isa = PBXLegacyTarget;
			buildArgumentsString = "serial -C \"$(PROJECT)\"";
			buildConfigurationList = 10E9C5301E5C605000791BE8 /* Build configuration list for PBXLegacyTarget "Serial" */;
			buildPhases = (
			);
			buildToolPath = make;
			dependencies = (
			);
			name = Serial;
			passBuildSettingsInEnvironment = 1;
			productName = Serial;
		};
		10E9C4D31E5C604F00791BE8 /* Upload */ = {
			isa = PBXLegacyTarget;
			buildArgumentsString = "upload -C \"$(PROJECT)\"";
			buildConfigurationList = 10E9C5331E5C605000791BE8 /* Build configuration list for PBXLegacyTarget "Upload" */;
			buildPhases = (
			);
			buildToolPath = make;
			dependencies = (
			);
			name = Upload;
			passBuildSettingsInEnvironment = 1;
			productName = Upload;
		};
/* End PBXLegacyTarget section */

/* Begin PBXNativeTarget section */
		10E9C4D51E5C604F00791BE8 /* Index */ = {
			isa = PBXNativeTarget;
			buildConfigurationList = 10E9C5361E5C605000791BE8 /* Build configuration list for PBXNativeTarget "Index" */;
			buildPhases = (
				10E9C4D41E5C604F00791BE8 /* Sources */,
			);
			buildRules = (
			);
			dependencies = (
			);
			name = Index;
			productName = Index;
			productReference = 10E9C4D61E5C604F00791BE8 /* Index */;
			productType = "com.apple.product-type.tool";
		};
/* End PBXNativeTarget section */

/* Begin PBXProject section */
		10E9C4CB1E5C604F00791BE8 /* Project object */ = {
			isa = PBXProject;
			attributes = {
				LastUpgradeCheck = 0820;
				ORGANIZATIONNAME = "Aykut Celik";
				TargetAttributes = {
					10E9C4CF1E5C604F00791BE8 = {
						CreatedOnToolsVersion = 8.2.1;
						ProvisioningStyle = Automatic;
					};
					10E9C4D01E5C604F00791BE8 = {
						CreatedOnToolsVersion = 8.2.1;
						ProvisioningStyle = Automatic;
					};
					10E9C4D11E5C604F00791BE8 = {
						CreatedOnToolsVersion = 8.2.1;
						ProvisioningStyle = Automatic;
					};
					10E9C4D21E5C604F00791BE8 = {
						CreatedOnToolsVersion = 8.2.1;
						ProvisioningStyle = Automatic;
					};
					10E9C4D31E5C604F00791BE8 = {
						CreatedOnToolsVersion = 8.2.1;
						ProvisioningStyle = Automatic;
					};
					10E9C4D51E5C604F00791BE8 = {
						CreatedOnToolsVersion = 8.2.1;
						ProvisioningStyle = Automatic;
					};
				};
			};
			buildConfigurationList = 10E9C4CE1E5C604F00791BE8 /* Build configuration list for PBXProject "pbf-3" */;
			compatibilityVersion = "Xcode 3.2";
			developmentRegion = English;
			hasScannedForEncodings = 0;
			knownRegions = (
				en,
			);
			mainGroup = 10E9C4CA1E5C604F00791BE8;
			productRefGroup = 10E9C4D71E5C604F00791BE8 /* Products */;
			projectDirPath = "";
			projectRoot = "";
			targets = (
				10E9C4CF1E5C604F00791BE8 /* Build */,
				10E9C4D01E5C604F00791BE8 /* All */,
				10E9C4D11E5C604F00791BE8 /* Boards */,
				10E9C4D21E5C604F00791BE8 /* Serial */,
				10E9C4D31E5C604F00791BE8 /* Upload */,
				10E9C4D51E5C604F00791BE8 /* Index */,
			);
		};
/* End PBXProject section */

/* Begin PBXSourcesBuildPhase section */
		10E9C4D41E5C604F00791BE8 /* Sources */ = {
			isa = PBXSourcesBuildPhase;
			buildActionMask = 2147483647;
			files = (
				10E9C4DC1E5C604F00791BE8 /* Makefile in Sources */,
				10E9C4DA1E5C604F00791BE8 /* main.cpp in Sources */,
			);
			runOnlyForDeploymentPostprocessing = 0;
		};
/* End PBXSourcesBuildPhase section */

/* Begin XCBuildConfiguration section */
		10E9C5251E5C605000791BE8 /* Debug */ = {
			isa = XCBuildConfiguration;
			baseConfigurationReference = 10E9C4E61E5C604F00791BE8 /* Arduino Pro ATmega328-3.3V.xcconfig */;
			buildSettings = {
				ALWAYS_SEARCH_USER_PATHS = NO;
				CLANG_ANALYZER_NONNULL = YES;
				CLANG_CXX_LANGUAGE_STANDARD = "gnu++0x";
				CLANG_CXX_LIBRARY = "libc++";
				CLANG_ENABLE_MODULES = YES;
				CLANG_ENABLE_OBJC_ARC = YES;
				CLANG_WARN_BOOL_CONVERSION = YES;
				CLANG_WARN_CONSTANT_CONVERSION = YES;
				CLANG_WARN_DIRECT_OBJC_ISA_USAGE = YES_ERROR;
				CLANG_WARN_DOCUMENTATION_COMMENTS = YES;
				CLANG_WARN_EMPTY_BODY = YES;
				CLANG_WARN_ENUM_CONVERSION = YES;
				CLANG_WARN_INFINITE_RECURSION = YES;
				CLANG_WARN_INT_CONVERSION = YES;
				CLANG_WARN_OBJC_ROOT_CLASS = YES_ERROR;
				CLANG_WARN_SUSPICIOUS_MOVE = YES;
				CLANG_WARN_UNREACHABLE_CODE = YES;
				CLANG_WARN__DUPLICATE_METHOD_MATCH = YES;
				COPY_PHASE_STRIP = NO;
				DEBUG_INFORMATION_FORMAT = dwarf;
				ENABLE_STRICT_OBJC_MSGSEND = YES;
				ENABLE_TESTABILITY = YES;
				GCC_C_LANGUAGE_STANDARD = gnu99;
				GCC_DYNAMIC_NO_PIC = NO;
				GCC_NO_COMMON_BLOCKS = YES;
				GCC_OPTIMIZATION_LEVEL = 0;
				GCC_PREPROCESSOR_DEFINITIONS = (
					"DEBUG=1",
					"$(inherited)",
				);
				GCC_WARN_64_TO_32_BIT_CONVERSION = YES;
				GCC_WARN_ABOUT_RETURN_TYPE = YES_ERROR;
				GCC_WARN_UNDECLARED_SELECTOR = YES;
				GCC_WARN_UNINITIALIZED_AUTOS = YES_AGGRESSIVE;
				GCC_WARN_UNUSED_FUNCTION = YES;
				GCC_WARN_UNUSED_VARIABLE = YES;
				HEADER_SEARCH_PATHS = "$(inherited)";
				MTL_ENABLE_DEBUG_INFO = YES;
				ONLY_ACTIVE_ARCH = YES;
				PATH = "$(PATH):$(PROJECT_DIR)";
				PRODUCT_NAME = "$(TARGET_NAME)";
				SKETCHBOOK_DIR = "";
				UPDATE_POLICY = 0;
			};
			name = Debug;
		};
		10E9C5261E5C605000791BE8 /* Release */ = {
			isa = XCBuildConfiguration;
			buildSettings = {
				ALWAYS_SEARCH_USER_PATHS = NO;
				CLANG_ANALYZER_NONNULL = YES;
				CLANG_CXX_LANGUAGE_STANDARD = "gnu++0x";
				CLANG_CXX_LIBRARY = "libc++";
				CLANG_ENABLE_MODULES = YES;
				CLANG_ENABLE_OBJC_ARC = YES;
				CLANG_WARN_BOOL_CONVERSION = YES;
				CLANG_WARN_CONSTANT_CONVERSION = YES;
				CLANG_WARN_DIRECT_OBJC_ISA_USAGE = YES_ERROR;
				CLANG_WARN_DOCUMENTATION_COMMENTS = YES;
				CLANG_WARN_EMPTY_BODY = YES;
				CLANG_WARN_ENUM_CONVERSION = YES;
				CLANG_WARN_INFINITE_RECURSION = YES;
				CLANG_WARN_INT_CONVERSION = YES;
				CLANG_WARN_OBJC_ROOT_CLASS = YES_ERROR;
				CLANG_WARN_SUSPICIOUS_MOVE = YES;
				CLANG_WARN_UNREACHABLE_CODE = YES;
				CLANG_WARN__DUPLICATE_METHOD_MATCH = YES;
				COPY_PHASE_STRIP = NO;
				DEBUG_INFORMATION_FORMAT = "dwarf-with-dsym";
				ENABLE_NS_ASSERTIONS = NO;
				ENABLE_STRICT_OBJC_MSGSEND = YES;
				GCC_C_LANGUAGE_STANDARD = gnu99;
				GCC_NO_COMMON_BLOCKS = YES;
				GCC_WARN_64_TO_32_BIT_CONVERSION = YES;
				GCC_WARN_ABOUT_RETURN_TYPE = YES_ERROR;
				GCC_WARN_UNDECLARED_SELECTOR = YES;
				GCC_WARN_UNINITIALIZED_AUTOS = YES_AGGRESSIVE;
				GCC_WARN_UNUSED_FUNCTION = YES;
				GCC_WARN_UNUSED_VARIABLE = YES;
				HEADER_SEARCH_PATHS = "$(inherited)";
				MTL_ENABLE_DEBUG_INFO = NO;
				PATH = "$(PATH):$(PROJECT_DIR)";
				PRODUCT_NAME = "$(TARGET_NAME)";
				SKETCHBOOK_DIR = "";
				UPDATE_POLICY = 0;
			};
			name = Release;
		};
		10E9C5281E5C605000791BE8 /* Debug */ = {
			isa = XCBuildConfiguration;
			buildSettings = {
				PRODUCT_NAME = "$(TARGET_NAME)";
			};
			name = Debug;
		};
		10E9C5291E5C605000791BE8 /* Release */ = {
			isa = XCBuildConfiguration;
			buildSettings = {
				PRODUCT_NAME = "$(TARGET_NAME)";
			};
			name = Release;
		};
		10E9C52B1E5C605000791BE8 /* Debug */ = {
			isa = XCBuildConfiguration;
			buildSettings = {
			};
			name = Debug;
		};
		10E9C52C1E5C605000791BE8 /* Release */ = {
			isa = XCBuildConfiguration;
			buildSettings = {
			};
			name = Release;
		};
		10E9C52E1E5C605000791BE8 /* Debug */ = {
			isa = XCBuildConfiguration;
			buildSettings = {
			};
			name = Debug;
		};
		10E9C52F1E5C605000791BE8 /* Release */ = {
			isa = XCBuildConfiguration;
			buildSettings = {
			};
			name = Release;
		};
		10E9C5311E5C605000791BE8 /* Debug */ = {
			isa = XCBuildConfiguration;
			buildSettings = {
			};
			name = Debug;
		};
		10E9C5321E5C605000791BE8 /* Release */ = {
			isa = XCBuildConfiguration;
			buildSettings = {
			};
			name = Release;
		};
		10E9C5341E5C605000791BE8 /* Debug */ = {
			isa = XCBuildConfiguration;
			buildSettings = {
			};
			name = Debug;
		};
		10E9C5351E5C605000791BE8 /* Release */ = {
			isa = XCBuildConfiguration;
			buildSettings = {
			};
			name = Release;
		};
		10E9C5371E5C605000791BE8 /* Debug */ = {
			isa = XCBuildConfiguration;
			buildSettings = {
			};
			name = Debug;
		};
		10E9C5381E5C605000791BE8 /* Release */ = {
			isa = XCBuildConfiguration;
			buildSettings = {
			};
			name = Release;
		};
/* End XCBuildConfiguration section */

/* Begin XCConfigurationList section */
		10E9C4CE1E5C604F00791BE8 /* Build configuration list for PBXProject "pbf-3" */ = {
			isa = XCConfigurationList;
			buildConfigurations = (
				10E9C5251E5C605000791BE8 /* Debug */,
				10E9C5261E5C605000791BE8 /* Release */,
			);
			defaultConfigurationIsVisible = 0;
			defaultConfigurationName = Release;
		};
		10E9C5271E5C605000791BE8 /* Build configuration list for PBXLegacyTarget "Build" */ = {
			isa = XCConfigurationList;
			buildConfigurations = (
				10E9C5281E5C605000791BE8 /* Debug */,
				10E9C5291E5C605000791BE8 /* Release */,
			);
			defaultConfigurationIsVisible = 0;
		};
		10E9C52A1E5C605000791BE8 /* Build configuration list for PBXLegacyTarget "All" */ = {
			isa = XCConfigurationList;
			buildConfigurations = (
				10E9C52B1E5C605000791BE8 /* Debug */,
				10E9C52C1E5C605000791BE8 /* Release */,
			);
			defaultConfigurationIsVisible = 0;
		};
		10E9C52D1E5C605000791BE8 /* Build configuration list for PBXLegacyTarget "Boards" */ = {
			isa = XCConfigurationList;
			buildConfigurations = (
				10E9C52E1E5C605000791BE8 /* Debug */,
				10E9C52F1E5C605000791BE8 /* Release */,
			);
			defaultConfigurationIsVisible = 0;
		};
		10E9C5301E5C605000791BE8 /* Build configuration list for PBXLegacyTarget "Serial" */ = {
			isa = XCConfigurationList;
			buildConfigurations = (
				10E9C5311E5C605000791BE8 /* Debug */,
				10E9C5321E5C605000791BE8 /* Release */,
			);
			defaultConfigurationIsVisible = 0;
		};
		10E9C5331E5C605000791BE8 /* Build configuration list for PBXLegacyTarget "Upload" */ = {
			isa = XCConfigurationList;
			buildConfigurations = (
				10E9C5341E5C605000791BE8 /* Debug */,
				10E9C5351E5C605000791BE8 /* Release */,
			);
			defaultConfigurationIsVisible = 0;
		};
		10E9C5361E5C605000791BE8 /* Build configuration list for PBXNativeTarget "Index" */ = {
			isa = XCConfigurationList;
			buildConfigurations = (
				10E9C5371E5C605000791BE8 /* Debug */,
				10E9C5381E5C605000791BE8 /* Release */,
			);
			defaultConfigurationIsVisible = 0;
		};
/* End XCConfigurationList section */
	};
	rootObject = 10E9C4CB1E5C604F00791BE8 /* Project object */;
}
